// !$*UTF8*$!
{
	archiveVersion = 1;
	classes = {
	};
	objectVersion = 46;
	objects = {

/* Begin PBXBuildFile section */
		76F2557E1A8CDAD900135F2A /* main.c in Sources */ = {isa = PBXBuildFile; fileRef = 76F2557D1A8CDAD900135F2A /* main.c */; };
		76F255861A8CDB1A00135F2A /* TENStructTest.c in Sources */ = {isa = PBXBuildFile; fileRef = 76F255841A8CDB1A00135F2A /* TENStructTest.c */; };
		76F255891A8CDB4100135F2A /* TENStruct.c in Sources */ = {isa = PBXBuildFile; fileRef = 76F255871A8CDB4100135F2A /* TENStruct.c */; };
/* End PBXBuildFile section */

/* Begin PBXCopyFilesBuildPhase section */
		76F255781A8CDAD900135F2A /* CopyFiles */ = {
			isa = PBXCopyFilesBuildPhase;
			buildActionMask = 2147483647;
			dstPath = /usr/share/man/man1/;
			dstSubfolderSpec = 0;
			files = (
			);
			runOnlyForDeploymentPostprocessing = 1;
		};
/* End PBXCopyFilesBuildPhase section */

/* Begin PBXFileReference section */
		76F2557A1A8CDAD900135F2A /* Structure */ = {isa = PBXFileReference; explicitFileType = "compiled.mach-o.executable"; includeInIndex = 0; path = Structure; sourceTree = BUILT_PRODUCTS_DIR; };
		76F2557D1A8CDAD900135F2A /* main.c */ = {isa = PBXFileReference; lastKnownFileType = sourcecode.c.c; path = main.c; sourceTree = "<group>"; };
		76F255841A8CDB1A00135F2A /* TENStructTest.c */ = {isa = PBXFileReference; fileEncoding = 4; lastKnownFileType = sourcecode.c.c; path = TENStructTest.c; sourceTree = "<group>"; };
		76F255851A8CDB1A00135F2A /* TENStructTest.h */ = {isa = PBXFileReference; fileEncoding = 4; lastKnownFileType = sourcecode.c.h; path = TENStructTest.h; sourceTree = "<group>"; };
		76F255871A8CDB4100135F2A /* TENStruct.c */ = {isa = PBXFileReference; fileEncoding = 4; lastKnownFileType = sourcecode.c.c; path = TENStruct.c; sourceTree = "<group>"; };
		76F255881A8CDB4100135F2A /* TENStruct.h */ = {isa = PBXFileReference; fileEncoding = 4; lastKnownFileType = sourcecode.c.h; path = TENStruct.h; sourceTree = "<group>"; };
/* End PBXFileReference section */

/* Begin PBXFrameworksBuildPhase section */
		76F255771A8CDAD900135F2A /* Frameworks */ = {
			isa = PBXFrameworksBuildPhase;
			buildActionMask = 2147483647;
			files = (
			);
			runOnlyForDeploymentPostprocessing = 0;
		};
/* End PBXFrameworksBuildPhase section */

/* Begin PBXGroup section */
		76F255711A8CDAD900135F2A = {
			isa = PBXGroup;
			children = (
				76F2557C1A8CDAD900135F2A /* Structure */,
				76F2557B1A8CDAD900135F2A /* Products */,
			);
			sourceTree = "<group>";
		};
		76F2557B1A8CDAD900135F2A /* Products */ = {
			isa = PBXGroup;
			children = (
				76F2557A1A8CDAD900135F2A /* Structure */,
			);
			name = Products;
			sourceTree = "<group>";
		};
		76F2557C1A8CDAD900135F2A /* Structure */ = {
			isa = PBXGroup;
			children = (
				76F2557D1A8CDAD900135F2A /* main.c */,
				76F255881A8CDB4100135F2A /* TENStruct.h */,
				76F255871A8CDB4100135F2A /* TENStruct.c */,
				76F255851A8CDB1A00135F2A /* TENStructTest.h */,
				76F255841A8CDB1A00135F2A /* TENStructTest.c */,
			);
			path = Structure;
			sourceTree = "<group>";
		};
/* End PBXGroup section */

/* Begin PBXNativeTarget section */
		76F255791A8CDAD900135F2A /* Structure */ = {
			isa = PBXNativeTarget;
			buildConfigurationList = 76F255811A8CDAD900135F2A /* Build configuration list for PBXNativeTarget "Structure" */;
			buildPhases = (
				76F255761A8CDAD900135F2A /* Sources */,
				76F255771A8CDAD900135F2A /* Frameworks */,
				76F255781A8CDAD900135F2A /* CopyFiles */,
			);
			buildRules = (
			);
			dependencies = (
			);
			name = Structure;
			productName = Structure;
			productReference = 76F2557A1A8CDAD900135F2A /* Structure */;
			productType = "com.apple.product-type.tool";
		};
/* End PBXNativeTarget section */

/* Begin PBXProject section */
		76F255721A8CDAD900135F2A /* Project object */ = {
			isa = PBXProject;
			attributes = {
				LastUpgradeCheck = 0610;
				ORGANIZATIONNAME = 444ten;
				TargetAttributes = {
					76F255791A8CDAD900135F2A = {
						CreatedOnToolsVersion = 6.1.1;
					};
				};
			};
			buildConfigurationList = 76F255751A8CDAD900135F2A /* Build configuration list for PBXProject "Structure" */;
			compatibilityVersion = "Xcode 3.2";
			developmentRegion = English;
			hasScannedForEncodings = 0;
			knownRegions = (
				en,
			);
			mainGroup = 76F255711A8CDAD900135F2A;
			productRefGroup = 76F2557B1A8CDAD900135F2A /* Products */;
			projectDirPath = "";
			projectRoot = "";
			targets = (
				76F255791A8CDAD900135F2A /* Structure */,
			);
		};
/* End PBXProject section */

/* Begin PBXSourcesBuildPhase section */
		76F255761A8CDAD900135F2A /* Sources */ = {
			isa = PBXSourcesBuildPhase;
			buildActionMask = 2147483647;
			files = (
				76F255861A8CDB1A00135F2A /* TENStructTest.c in Sources */,
				76F2557E1A8CDAD900135F2A /* main.c in Sources */,
				76F255891A8CDB4100135F2A /* TENStruct.c in Sources */,
			);
			runOnlyForDeploymentPostprocessing = 0;
		};
/* End PBXSourcesBuildPhase section */

/* Begin XCBuildConfiguration section */
		76F2557F1A8CDAD900135F2A /* Debug */ = {
			isa = XCBuildConfiguration;
			buildSettings = {
				ALWAYS_SEARCH_USER_PATHS = NO;
				CLANG_CXX_LANGUAGE_STANDARD = "gnu++0x";
				CLANG_CXX_LIBRARY = "libc++";
				CLANG_ENABLE_MODULES = YES;
				CLANG_ENABLE_OBJC_ARC = YES;
				CLANG_WARN_BOOL_CONVERSION = YES;
				CLANG_WARN_CONSTANT_CONVERSION = YES;
				CLANG_WARN_DIRECT_OBJC_ISA_USAGE = YES_ERROR;
				CLANG_WARN_EMPTY_BODY = YES;
				CLANG_WARN_ENUM_CONVERSION = YES;
				CLANG_WARN_INT_CONVERSION = YES;
				CLANG_WARN_OBJC_ROOT_CLASS = YES_ERROR;
				CLANG_WARN_UNREACHABLE_CODE = YES;
				CLANG_WARN__DUPLICATE_METHOD_MATCH = YES;
				COPY_PHASE_STRIP = NO;
				ENABLE_STRICT_OBJC_MSGSEND = YES;
				GCC_C_LANGUAGE_STANDARD = gnu99;
				GCC_DYNAMIC_NO_PIC = NO;
				GCC_OPTIMIZATION_LEVEL = 0;
				GCC_PREPROCESSOR_DEFINITIONS = (
					"DEBUG=1",
					"$(inherited)",
				);
				GCC_SYMBOLS_PRIVATE_EXTERN = NO;
				GCC_WARN_64_TO_32_BIT_CONVERSION = YES;
				GCC_WARN_ABOUT_RETURN_TYPE = YES_ERROR;
				GCC_WARN_UNDECLARED_SELECTOR = YES;
				GCC_WARN_UNINITIALIZED_AUTOS = YES_AGGRESSIVE;
				GCC_WARN_UNUSED_FUNCTION = YES;
				GCC_WARN_UNUSED_VARIABLE = YES;
				MACOSX_DEPLOYMENT_TARGET = 10.10;
				MTL_ENABLE_DEBUG_INFO = YES;
				ONLY_ACTIVE_ARCH = YES;
				SDKROOT = macosx;
			};
			name = Debug;
		};
		76F255801A8CDAD900135F2A /* Release */ = {
			isa = XCBuildConfiguration;
			buildSettings = {
				ALWAYS_SEARCH_USER_PATHS = NO;
				CLANG_CXX_LANGUAGE_STANDARD = "gnu++0x";
				CLANG_CXX_LIBRARY = "libc++";
				CLANG_ENABLE_MODULES = YES;
				CLANG_ENABLE_OBJC_ARC = YES;
				CLANG_WARN_BOOL_CONVERSION = YES;
				CLANG_WARN_CONSTANT_CONVERSION = YES;
				CLANG_WARN_DIRECT_OBJC_ISA_USAGE = YES_ERROR;
				CLANG_WARN_EMPTY_BODY = YES;
				CLANG_WARN_ENUM_CONVERSION = YES;
				CLANG_WARN_INT_CONVERSION = YES;
				CLANG_WARN_OBJC_ROOT_CLASS = YES_ERROR;
				CLANG_WARN_UNREACHABLE_CODE = YES;
				CLANG_WARN__DUPLICATE_METHOD_MATCH = YES;
				COPY_PHASE_STRIP = YES;
				DEBUG_INFORMATION_FORMAT = "dwarf-with-dsym";
				ENABLE_NS_ASSERTIONS = NO;
				ENABLE_STRICT_OBJC_MSGSEND = YES;
				GCC_C_LANGUAGE_STANDARD = gnu99;
				GCC_WARN_64_TO_32_BIT_CONVERSION = YES;
				GCC_WARN_ABOUT_RETURN_TYPE = YES_ERROR;
				GCC_WARN_UNDECLARED_SELECTOR = YES;
				GCC_WARN_UNINITIALIZED_AUTOS = YES_AGGRESSIVE;
				GCC_WARN_UNUSED_FUNCTION = YES;
				GCC_WARN_UNUSED_VARIABLE = YES;
				MACOSX_DEPLOYMENT_TARGET = 10.10;
				MTL_ENABLE_DEBUG_INFO = NO;
				SDKROOT = macosx;
			};
			name = Release;
		};
		76F255821A8CDAD900135F2A /* Debug */ = {
			isa = XCBuildConfiguration;
			buildSettings = {
				PRODUCT_NAME = "$(TARGET_NAME)";
			};
			name = Debug;
		};
		76F255831A8CDAD900135F2A /* Release */ = {
			isa = XCBuildConfiguration;
			buildSettings = {
				PRODUCT_NAME = "$(TARGET_NAME)";
			};
			name = Release;
		};
/* End XCBuildConfiguration section */

/* Begin XCConfigurationList section */
		76F255751A8CDAD900135F2A /* Build configuration list for PBXProject "Structure" */ = {
			isa = XCConfigurationList;
			buildConfigurations = (
				76F2557F1A8CDAD900135F2A /* Debug */,
				76F255801A8CDAD900135F2A /* Release */,
			);
			defaultConfigurationIsVisible = 0;
			defaultConfigurationName = Release;
		};
		76F255811A8CDAD900135F2A /* Build configuration list for PBXNativeTarget "Structure" */ = {
			isa = XCConfigurationList;
			buildConfigurations = (
				76F255821A8CDAD900135F2A /* Debug */,
				76F255831A8CDAD900135F2A /* Release */,
			);
			defaultConfigurationIsVisible = 0;
		};
/* End XCConfigurationList section */
	};
	rootObject = 76F255721A8CDAD900135F2A /* Project object */;
}
