// !$*UTF8*$!
{
	archiveVersion = 1;
	classes = {
	};
	objectVersion = 46;
	objects = {

/* Begin PBXBuildFile section */
		76F255BD1A8E2C3800135F2A /* TENStruct.c in Sources */ = {isa = PBXBuildFile; fileRef = 76F255B91A8E2C3800135F2A /* TENStruct.c */; };
		76F255BE1A8E2C3800135F2A /* TENStructTest.c in Sources */ = {isa = PBXBuildFile; fileRef = 76F255BB1A8E2C3800135F2A /* TENStructTest.c */; };
		76F255C41A8E319E00135F2A /* TENOutputParent.c in Sources */ = {isa = PBXBuildFile; fileRef = 76F255C01A8E319E00135F2A /* TENOutputParent.c */; };
		76F255C51A8E319E00135F2A /* TENOutputParentTest.c in Sources */ = {isa = PBXBuildFile; fileRef = 76F255C21A8E319E00135F2A /* TENOutputParentTest.c */; };
		76F255CD1A8E335A00135F2A /* TENOutputMacros.c in Sources */ = {isa = PBXBuildFile; fileRef = 76F255CB1A8E335A00135F2A /* TENOutputMacros.c */; };
		76F255D01A8E393A00135F2A /* TENCharToBin.c in Sources */ = {isa = PBXBuildFile; fileRef = 76F255CE1A8E393A00135F2A /* TENCharToBin.c */; };
		76F255D31A8E40A500135F2A /* main.c in Sources */ = {isa = PBXBuildFile; fileRef = 76F255D21A8E40A500135F2A /* main.c */; };
		76F255D71A911A4000135F2A /* TENValueBitOutput.c in Sources */ = {isa = PBXBuildFile; fileRef = 76F255D51A911A4000135F2A /* TENValueBitOutput.c */; };
		76F255DA1A911A6000135F2A /* TENValueBitOutputTest.c in Sources */ = {isa = PBXBuildFile; fileRef = 76F255D81A911A6000135F2A /* TENValueBitOutputTest.c */; };
		76F255DD1A937B4D00135F2A /* TENHuman.c in Sources */ = {isa = PBXBuildFile; fileRef = 76F255DB1A937B4D00135F2A /* TENHuman.c */; };
		76F255E11A937B9400135F2A /* TENHumanTests.c in Sources */ = {isa = PBXBuildFile; fileRef = 76F255DF1A937B9400135F2A /* TENHumanTests.c */; };
		76F255E41A948DBF00135F2A /* TENString.c in Sources */ = {isa = PBXBuildFile; fileRef = 76F255E21A948DBF00135F2A /* TENString.c */; };
/* End PBXBuildFile section */

/* Begin PBXCopyFilesBuildPhase section */
		76F255A71A8E2B9200135F2A /* CopyFiles */ = {
			isa = PBXCopyFilesBuildPhase;
			buildActionMask = 2147483647;
			dstPath = /usr/share/man/man1/;
			dstSubfolderSpec = 0;
			files = (
			);
			runOnlyForDeploymentPostprocessing = 1;
		};
/* End PBXCopyFilesBuildPhase section */

/* Begin PBXFileReference section */
		76F255A91A8E2B9200135F2A /* HomeworkC */ = {isa = PBXFileReference; explicitFileType = "compiled.mach-o.executable"; includeInIndex = 0; path = HomeworkC; sourceTree = BUILT_PRODUCTS_DIR; };
		76F255B91A8E2C3800135F2A /* TENStruct.c */ = {isa = PBXFileReference; fileEncoding = 4; lastKnownFileType = sourcecode.c.c; path = TENStruct.c; sourceTree = "<group>"; };
		76F255BA1A8E2C3800135F2A /* TENStruct.h */ = {isa = PBXFileReference; fileEncoding = 4; lastKnownFileType = sourcecode.c.h; path = TENStruct.h; sourceTree = "<group>"; };
		76F255BB1A8E2C3800135F2A /* TENStructTest.c */ = {isa = PBXFileReference; fileEncoding = 4; lastKnownFileType = sourcecode.c.c; path = TENStructTest.c; sourceTree = "<group>"; };
		76F255BC1A8E2C3800135F2A /* TENStructTest.h */ = {isa = PBXFileReference; fileEncoding = 4; lastKnownFileType = sourcecode.c.h; path = TENStructTest.h; sourceTree = "<group>"; };
		76F255C01A8E319E00135F2A /* TENOutputParent.c */ = {isa = PBXFileReference; fileEncoding = 4; lastKnownFileType = sourcecode.c.c; path = TENOutputParent.c; sourceTree = "<group>"; };
		76F255C11A8E319E00135F2A /* TENOutputParent.h */ = {isa = PBXFileReference; fileEncoding = 4; lastKnownFileType = sourcecode.c.h; path = TENOutputParent.h; sourceTree = "<group>"; };
		76F255C21A8E319E00135F2A /* TENOutputParentTest.c */ = {isa = PBXFileReference; fileEncoding = 4; lastKnownFileType = sourcecode.c.c; path = TENOutputParentTest.c; sourceTree = "<group>"; };
		76F255C31A8E319E00135F2A /* TENOutputParentTest.h */ = {isa = PBXFileReference; fileEncoding = 4; lastKnownFileType = sourcecode.c.h; path = TENOutputParentTest.h; sourceTree = "<group>"; };
		76F255CB1A8E335A00135F2A /* TENOutputMacros.c */ = {isa = PBXFileReference; fileEncoding = 4; lastKnownFileType = sourcecode.c.c; path = TENOutputMacros.c; sourceTree = "<group>"; };
		76F255CC1A8E335A00135F2A /* TENOutputMacros.h */ = {isa = PBXFileReference; fileEncoding = 4; lastKnownFileType = sourcecode.c.h; path = TENOutputMacros.h; sourceTree = "<group>"; };
		76F255CE1A8E393A00135F2A /* TENCharToBin.c */ = {isa = PBXFileReference; fileEncoding = 4; lastKnownFileType = sourcecode.c.c; path = TENCharToBin.c; sourceTree = "<group>"; };
		76F255CF1A8E393A00135F2A /* TENCharToBin.h */ = {isa = PBXFileReference; fileEncoding = 4; lastKnownFileType = sourcecode.c.h; path = TENCharToBin.h; sourceTree = "<group>"; };
		76F255D21A8E40A500135F2A /* main.c */ = {isa = PBXFileReference; fileEncoding = 4; lastKnownFileType = sourcecode.c.c; path = main.c; sourceTree = "<group>"; };
		76F255D51A911A4000135F2A /* TENValueBitOutput.c */ = {isa = PBXFileReference; fileEncoding = 4; lastKnownFileType = sourcecode.c.c; path = TENValueBitOutput.c; sourceTree = "<group>"; };
		76F255D61A911A4000135F2A /* TENValueBitOutput.h */ = {isa = PBXFileReference; fileEncoding = 4; lastKnownFileType = sourcecode.c.h; path = TENValueBitOutput.h; sourceTree = "<group>"; };
		76F255D81A911A6000135F2A /* TENValueBitOutputTest.c */ = {isa = PBXFileReference; fileEncoding = 4; lastKnownFileType = sourcecode.c.c; path = TENValueBitOutputTest.c; sourceTree = "<group>"; };
		76F255D91A911A6000135F2A /* TENValueBitOutputTest.h */ = {isa = PBXFileReference; fileEncoding = 4; lastKnownFileType = sourcecode.c.h; path = TENValueBitOutputTest.h; sourceTree = "<group>"; };
		76F255DB1A937B4D00135F2A /* TENHuman.c */ = {isa = PBXFileReference; fileEncoding = 4; lastKnownFileType = sourcecode.c.c; path = TENHuman.c; sourceTree = "<group>"; };
		76F255DC1A937B4D00135F2A /* TENHuman.h */ = {isa = PBXFileReference; fileEncoding = 4; lastKnownFileType = sourcecode.c.h; path = TENHuman.h; sourceTree = "<group>"; };
		76F255DF1A937B9400135F2A /* TENHumanTests.c */ = {isa = PBXFileReference; fileEncoding = 4; lastKnownFileType = sourcecode.c.c; path = TENHumanTests.c; sourceTree = "<group>"; };
		76F255E01A937B9400135F2A /* TENHumanTests.h */ = {isa = PBXFileReference; fileEncoding = 4; lastKnownFileType = sourcecode.c.h; path = TENHumanTests.h; sourceTree = "<group>"; };
		76F255E21A948DBF00135F2A /* TENString.c */ = {isa = PBXFileReference; fileEncoding = 4; lastKnownFileType = sourcecode.c.c; path = TENString.c; sourceTree = "<group>"; };
		76F255E31A948DBF00135F2A /* TENString.h */ = {isa = PBXFileReference; fileEncoding = 4; lastKnownFileType = sourcecode.c.h; path = TENString.h; sourceTree = "<group>"; };
/* End PBXFileReference section */

/* Begin PBXFrameworksBuildPhase section */
		76F255A61A8E2B9200135F2A /* Frameworks */ = {
			isa = PBXFrameworksBuildPhase;
			buildActionMask = 2147483647;
			files = (
			);
			runOnlyForDeploymentPostprocessing = 0;
		};
/* End PBXFrameworksBuildPhase section */

/* Begin PBXGroup section */
		76F255A01A8E2B9200135F2A = {
			isa = PBXGroup;
			children = (
				76F255AB1A8E2B9200135F2A /* HomeworkC */,
				76F255AA1A8E2B9200135F2A /* Products */,
			);
			sourceTree = "<group>";
		};
		76F255AA1A8E2B9200135F2A /* Products */ = {
			isa = PBXGroup;
			children = (
				76F255A91A8E2B9200135F2A /* HomeworkC */,
			);
			name = Products;
			sourceTree = "<group>";
		};
		76F255AB1A8E2B9200135F2A /* HomeworkC */ = {
			isa = PBXGroup;
			children = (
				76F255D21A8E40A500135F2A /* main.c */,
				76F255C61A8E31A500135F2A /* 0209 mamapapa */,
				76F255C71A8E329F00135F2A /* 0210 macros */,
				76F255D11A8E394400135F2A /* 0211 charToBin */,
				76F255BF1A8E2C9C00135F2A /* 0211 struct */,
				76F255D41A911A0A00135F2A /* 0212 valueBit */,
				76F255DE1A937B5500135F2A /* 0216 human */,
			);
			path = HomeworkC;
			sourceTree = "<group>";
		};
		76F255BF1A8E2C9C00135F2A /* 0211 struct */ = {
			isa = PBXGroup;
			children = (
				76F255BA1A8E2C3800135F2A /* TENStruct.h */,
				76F255B91A8E2C3800135F2A /* TENStruct.c */,
				76F255BC1A8E2C3800135F2A /* TENStructTest.h */,
				76F255BB1A8E2C3800135F2A /* TENStructTest.c */,
			);
			name = "0211 struct";
			sourceTree = "<group>";
		};
		76F255C61A8E31A500135F2A /* 0209 mamapapa */ = {
			isa = PBXGroup;
			children = (
				76F255C11A8E319E00135F2A /* TENOutputParent.h */,
				76F255C01A8E319E00135F2A /* TENOutputParent.c */,
				76F255C31A8E319E00135F2A /* TENOutputParentTest.h */,
				76F255C21A8E319E00135F2A /* TENOutputParentTest.c */,
			);
			name = "0209 mamapapa";
			sourceTree = "<group>";
		};
		76F255C71A8E329F00135F2A /* 0210 macros */ = {
			isa = PBXGroup;
			children = (
				76F255CC1A8E335A00135F2A /* TENOutputMacros.h */,
				76F255CB1A8E335A00135F2A /* TENOutputMacros.c */,
			);
			name = "0210 macros";
			sourceTree = "<group>";
		};
		76F255D11A8E394400135F2A /* 0211 charToBin */ = {
			isa = PBXGroup;
			children = (
				76F255CF1A8E393A00135F2A /* TENCharToBin.h */,
				76F255CE1A8E393A00135F2A /* TENCharToBin.c */,
			);
			name = "0211 charToBin";
			sourceTree = "<group>";
		};
		76F255D41A911A0A00135F2A /* 0212 valueBit */ = {
			isa = PBXGroup;
			children = (
				76F255D61A911A4000135F2A /* TENValueBitOutput.h */,
				76F255D51A911A4000135F2A /* TENValueBitOutput.c */,
				76F255D91A911A6000135F2A /* TENValueBitOutputTest.h */,
				76F255D81A911A6000135F2A /* TENValueBitOutputTest.c */,
			);
			name = "0212 valueBit";
			sourceTree = "<group>";
		};
		76F255DE1A937B5500135F2A /* 0216 human */ = {
			isa = PBXGroup;
			children = (
				76F255DC1A937B4D00135F2A /* TENHuman.h */,
				76F255DB1A937B4D00135F2A /* TENHuman.c */,
				76F255E01A937B9400135F2A /* TENHumanTests.h */,
				76F255DF1A937B9400135F2A /* TENHumanTests.c */,
				76F255E31A948DBF00135F2A /* TENString.h */,
				76F255E21A948DBF00135F2A /* TENString.c */,
			);
			name = "0216 human";
			sourceTree = "<group>";
		};
/* End PBXGroup section */

/* Begin PBXNativeTarget section */
		76F255A81A8E2B9200135F2A /* HomeworkC */ = {
			isa = PBXNativeTarget;
			buildConfigurationList = 76F255B01A8E2B9300135F2A /* Build configuration list for PBXNativeTarget "HomeworkC" */;
			buildPhases = (
				76F255A51A8E2B9200135F2A /* Sources */,
				76F255A61A8E2B9200135F2A /* Frameworks */,
				76F255A71A8E2B9200135F2A /* CopyFiles */,
			);
			buildRules = (
			);
			dependencies = (
			);
			name = HomeworkC;
			productName = HomeworkC;
			productReference = 76F255A91A8E2B9200135F2A /* HomeworkC */;
			productType = "com.apple.product-type.tool";
		};
/* End PBXNativeTarget section */

/* Begin PBXProject section */
		76F255A11A8E2B9200135F2A /* Project object */ = {
			isa = PBXProject;
			attributes = {
				LastUpgradeCheck = 0610;
				ORGANIZATIONNAME = 444ten;
				TargetAttributes = {
					76F255A81A8E2B9200135F2A = {
						CreatedOnToolsVersion = 6.1.1;
					};
				};
			};
			buildConfigurationList = 76F255A41A8E2B9200135F2A /* Build configuration list for PBXProject "HomeworkC" */;
			compatibilityVersion = "Xcode 3.2";
			developmentRegion = English;
			hasScannedForEncodings = 0;
			knownRegions = (
				en,
			);
			mainGroup = 76F255A01A8E2B9200135F2A;
			productRefGroup = 76F255AA1A8E2B9200135F2A /* Products */;
			projectDirPath = "";
			projectRoot = "";
			targets = (
				76F255A81A8E2B9200135F2A /* HomeworkC */,
			);
		};
/* End PBXProject section */

/* Begin PBXSourcesBuildPhase section */
		76F255A51A8E2B9200135F2A /* Sources */ = {
			isa = PBXSourcesBuildPhase;
			buildActionMask = 2147483647;
			files = (
				76F255DA1A911A6000135F2A /* TENValueBitOutputTest.c in Sources */,
				76F255D71A911A4000135F2A /* TENValueBitOutput.c in Sources */,
				76F255E41A948DBF00135F2A /* TENString.c in Sources */,
				76F255C51A8E319E00135F2A /* TENOutputParentTest.c in Sources */,
				76F255DD1A937B4D00135F2A /* TENHuman.c in Sources */,
				76F255BE1A8E2C3800135F2A /* TENStructTest.c in Sources */,
				76F255BD1A8E2C3800135F2A /* TENStruct.c in Sources */,
				76F255C41A8E319E00135F2A /* TENOutputParent.c in Sources */,
				76F255E11A937B9400135F2A /* TENHumanTests.c in Sources */,
				76F255D01A8E393A00135F2A /* TENCharToBin.c in Sources */,
				76F255CD1A8E335A00135F2A /* TENOutputMacros.c in Sources */,
				76F255D31A8E40A500135F2A /* main.c in Sources */,
			);
			runOnlyForDeploymentPostprocessing = 0;
		};
/* End PBXSourcesBuildPhase section */

/* Begin XCBuildConfiguration section */
		76F255AE1A8E2B9300135F2A /* Debug */ = {
			isa = XCBuildConfiguration;
			buildSettings = {
				ALWAYS_SEARCH_USER_PATHS = NO;
				CLANG_CXX_LANGUAGE_STANDARD = "gnu++0x";
				CLANG_CXX_LIBRARY = "libc++";
				CLANG_ENABLE_MODULES = YES;
				CLANG_ENABLE_OBJC_ARC = YES;
				CLANG_WARN_BOOL_CONVERSION = YES;
				CLANG_WARN_CONSTANT_CONVERSION = YES;
				CLANG_WARN_DIRECT_OBJC_ISA_USAGE = YES_ERROR;
				CLANG_WARN_EMPTY_BODY = YES;
				CLANG_WARN_ENUM_CONVERSION = YES;
				CLANG_WARN_INT_CONVERSION = YES;
				CLANG_WARN_OBJC_ROOT_CLASS = YES_ERROR;
				CLANG_WARN_UNREACHABLE_CODE = YES;
				CLANG_WARN__DUPLICATE_METHOD_MATCH = YES;
				COPY_PHASE_STRIP = NO;
				ENABLE_STRICT_OBJC_MSGSEND = YES;
				GCC_C_LANGUAGE_STANDARD = gnu99;
				GCC_DYNAMIC_NO_PIC = NO;
				GCC_OPTIMIZATION_LEVEL = 0;
				GCC_PREPROCESSOR_DEFINITIONS = (
					"DEBUG=1",
					"$(inherited)",
				);
				GCC_SYMBOLS_PRIVATE_EXTERN = NO;
				GCC_WARN_64_TO_32_BIT_CONVERSION = YES;
				GCC_WARN_ABOUT_RETURN_TYPE = YES_ERROR;
				GCC_WARN_UNDECLARED_SELECTOR = YES;
				GCC_WARN_UNINITIALIZED_AUTOS = YES_AGGRESSIVE;
				GCC_WARN_UNUSED_FUNCTION = YES;
				GCC_WARN_UNUSED_VARIABLE = YES;
				MACOSX_DEPLOYMENT_TARGET = 10.10;
				MTL_ENABLE_DEBUG_INFO = YES;
				ONLY_ACTIVE_ARCH = YES;
				SDKROOT = macosx;
			};
			name = Debug;
		};
		76F255AF1A8E2B9300135F2A /* Release */ = {
			isa = XCBuildConfiguration;
			buildSettings = {
				ALWAYS_SEARCH_USER_PATHS = NO;
				CLANG_CXX_LANGUAGE_STANDARD = "gnu++0x";
				CLANG_CXX_LIBRARY = "libc++";
				CLANG_ENABLE_MODULES = YES;
				CLANG_ENABLE_OBJC_ARC = YES;
				CLANG_WARN_BOOL_CONVERSION = YES;
				CLANG_WARN_CONSTANT_CONVERSION = YES;
				CLANG_WARN_DIRECT_OBJC_ISA_USAGE = YES_ERROR;
				CLANG_WARN_EMPTY_BODY = YES;
				CLANG_WARN_ENUM_CONVERSION = YES;
				CLANG_WARN_INT_CONVERSION = YES;
				CLANG_WARN_OBJC_ROOT_CLASS = YES_ERROR;
				CLANG_WARN_UNREACHABLE_CODE = YES;
				CLANG_WARN__DUPLICATE_METHOD_MATCH = YES;
				COPY_PHASE_STRIP = YES;
				DEBUG_INFORMATION_FORMAT = "dwarf-with-dsym";
				ENABLE_NS_ASSERTIONS = NO;
				ENABLE_STRICT_OBJC_MSGSEND = YES;
				GCC_C_LANGUAGE_STANDARD = gnu99;
				GCC_WARN_64_TO_32_BIT_CONVERSION = YES;
				GCC_WARN_ABOUT_RETURN_TYPE = YES_ERROR;
				GCC_WARN_UNDECLARED_SELECTOR = YES;
				GCC_WARN_UNINITIALIZED_AUTOS = YES_AGGRESSIVE;
				GCC_WARN_UNUSED_FUNCTION = YES;
				GCC_WARN_UNUSED_VARIABLE = YES;
				MACOSX_DEPLOYMENT_TARGET = 10.10;
				MTL_ENABLE_DEBUG_INFO = NO;
				SDKROOT = macosx;
			};
			name = Release;
		};
		76F255B11A8E2B9300135F2A /* Debug */ = {
			isa = XCBuildConfiguration;
			buildSettings = {
				PRODUCT_NAME = "$(TARGET_NAME)";
			};
			name = Debug;
		};
		76F255B21A8E2B9300135F2A /* Release */ = {
			isa = XCBuildConfiguration;
			buildSettings = {
				PRODUCT_NAME = "$(TARGET_NAME)";
			};
			name = Release;
		};
/* End XCBuildConfiguration section */

/* Begin XCConfigurationList section */
		76F255A41A8E2B9200135F2A /* Build configuration list for PBXProject "HomeworkC" */ = {
			isa = XCConfigurationList;
			buildConfigurations = (
				76F255AE1A8E2B9300135F2A /* Debug */,
				76F255AF1A8E2B9300135F2A /* Release */,
			);
			defaultConfigurationIsVisible = 0;
			defaultConfigurationName = Release;
		};
		76F255B01A8E2B9300135F2A /* Build configuration list for PBXNativeTarget "HomeworkC" */ = {
			isa = XCConfigurationList;
			buildConfigurations = (
				76F255B11A8E2B9300135F2A /* Debug */,
				76F255B21A8E2B9300135F2A /* Release */,
			);
			defaultConfigurationIsVisible = 0;
		};
/* End XCConfigurationList section */
	};
	rootObject = 76F255A11A8E2B9200135F2A /* Project object */;
}
