// !$*UTF8*$!
{
	archiveVersion = 1;
	classes = {
	};
	objectVersion = 46;
	objects = {

/* Begin PBXBuildFile section */
		76D77F5F1AA479830051EA25 /* TENChildArray.c in Sources */ = {isa = PBXBuildFile; fileRef = 76D77F5D1AA479830051EA25 /* TENChildArray.c */; };
		76DB85F41AAF59D30081B192 /* TENProperty.c in Sources */ = {isa = PBXBuildFile; fileRef = 76DB85F21AAF59D30081B192 /* TENProperty.c */; };
		76DB85F81AB083EA0081B192 /* TENObjectTests.c in Sources */ = {isa = PBXBuildFile; fileRef = 76DB85F61AB083EA0081B192 /* TENObjectTests.c */; };
		76F0A5551A9B959400F8412B /* TENOutputParent.c in Sources */ = {isa = PBXBuildFile; fileRef = 76F0A5511A9B959400F8412B /* TENOutputParent.c */; };
		76F0A5561A9B959400F8412B /* TENOutputParentTest.c in Sources */ = {isa = PBXBuildFile; fileRef = 76F0A5531A9B959400F8412B /* TENOutputParentTest.c */; };
		76F0A55B1A9B963B00F8412B /* TENOutputMacros.c in Sources */ = {isa = PBXBuildFile; fileRef = 76F0A5571A9B963B00F8412B /* TENOutputMacros.c */; };
		76F0A55C1A9B963B00F8412B /* TENOutputMacrosTests.c in Sources */ = {isa = PBXBuildFile; fileRef = 76F0A5591A9B963B00F8412B /* TENOutputMacrosTests.c */; };
		76F0A5611A9B969100F8412B /* TENCharBit.c in Sources */ = {isa = PBXBuildFile; fileRef = 76F0A55D1A9B969100F8412B /* TENCharBit.c */; };
		76F0A5621A9B969100F8412B /* TENCharBitTests.c in Sources */ = {isa = PBXBuildFile; fileRef = 76F0A55F1A9B969100F8412B /* TENCharBitTests.c */; };
		76F0A5671A9B96F300F8412B /* TENStruct.c in Sources */ = {isa = PBXBuildFile; fileRef = 76F0A5631A9B96F300F8412B /* TENStruct.c */; };
		76F0A5681A9B96F300F8412B /* TENStructTest.c in Sources */ = {isa = PBXBuildFile; fileRef = 76F0A5651A9B96F300F8412B /* TENStructTest.c */; };
		76F0A56D1A9B973100F8412B /* TENValueBitOutput.c in Sources */ = {isa = PBXBuildFile; fileRef = 76F0A5691A9B973100F8412B /* TENValueBitOutput.c */; };
		76F0A56E1A9B973100F8412B /* TENValueBitOutputTest.c in Sources */ = {isa = PBXBuildFile; fileRef = 76F0A56B1A9B973100F8412B /* TENValueBitOutputTest.c */; };
		76F0A5761A9B97F900F8412B /* TENHumanTests.c in Sources */ = {isa = PBXBuildFile; fileRef = 76F0A5711A9B97F900F8412B /* TENHumanTests.c */; };
		76F0A5771A9B97F900F8412B /* TENString.c in Sources */ = {isa = PBXBuildFile; fileRef = 76F0A5731A9B97F900F8412B /* TENString.c */; };
		76F0A57A1A9E482E00F8412B /* TENHuman.c in Sources */ = {isa = PBXBuildFile; fileRef = 76F0A56F1A9B97F900F8412B /* TENHuman.c */; };
		76F0A5801AA0C47100F8412B /* TENObject.c in Sources */ = {isa = PBXBuildFile; fileRef = 76F0A57E1AA0C47100F8412B /* TENObject.c */; };
		76F255D31A8E40A500135F2A /* main.c in Sources */ = {isa = PBXBuildFile; fileRef = 76F255D21A8E40A500135F2A /* main.c */; };
/* End PBXBuildFile section */

/* Begin PBXCopyFilesBuildPhase section */
		76F255A71A8E2B9200135F2A /* CopyFiles */ = {
			isa = PBXCopyFilesBuildPhase;
			buildActionMask = 2147483647;
			dstPath = /usr/share/man/man1/;
			dstSubfolderSpec = 0;
			files = (
			);
			runOnlyForDeploymentPostprocessing = 1;
		};
/* End PBXCopyFilesBuildPhase section */

/* Begin PBXFileReference section */
		76D77F5D1AA479830051EA25 /* TENChildArray.c */ = {isa = PBXFileReference; fileEncoding = 4; lastKnownFileType = sourcecode.c.c; name = TENChildArray.c; path = "0216 human/TENChildArray.c"; sourceTree = "<group>"; };
		76D77F5E1AA479830051EA25 /* TENChildArray.h */ = {isa = PBXFileReference; fileEncoding = 4; lastKnownFileType = sourcecode.c.h; name = TENChildArray.h; path = "0216 human/TENChildArray.h"; sourceTree = "<group>"; };
		76DB85F21AAF59D30081B192 /* TENProperty.c */ = {isa = PBXFileReference; fileEncoding = 4; lastKnownFileType = sourcecode.c.c; path = TENProperty.c; sourceTree = "<group>"; };
		76DB85F31AAF59D30081B192 /* TENProperty.h */ = {isa = PBXFileReference; fileEncoding = 4; lastKnownFileType = sourcecode.c.h; path = TENProperty.h; sourceTree = "<group>"; };
		76DB85F61AB083EA0081B192 /* TENObjectTests.c */ = {isa = PBXFileReference; fileEncoding = 4; lastKnownFileType = sourcecode.c.c; name = TENObjectTests.c; path = "0216 human/Tests/TENObjectTests/TENObjectTests.c"; sourceTree = "<group>"; };
		76DB85F71AB083EA0081B192 /* TENObjectTests.h */ = {isa = PBXFileReference; fileEncoding = 4; lastKnownFileType = sourcecode.c.h; name = TENObjectTests.h; path = "0216 human/Tests/TENObjectTests/TENObjectTests.h"; sourceTree = "<group>"; };
		76F0A5511A9B959400F8412B /* TENOutputParent.c */ = {isa = PBXFileReference; fileEncoding = 4; lastKnownFileType = sourcecode.c.c; name = TENOutputParent.c; path = "0209 mamapapa/TENOutputParent.c"; sourceTree = "<group>"; };
		76F0A5521A9B959400F8412B /* TENOutputParent.h */ = {isa = PBXFileReference; fileEncoding = 4; lastKnownFileType = sourcecode.c.h; name = TENOutputParent.h; path = "0209 mamapapa/TENOutputParent.h"; sourceTree = "<group>"; };
		76F0A5531A9B959400F8412B /* TENOutputParentTest.c */ = {isa = PBXFileReference; fileEncoding = 4; lastKnownFileType = sourcecode.c.c; name = TENOutputParentTest.c; path = "0209 mamapapa/TENOutputParentTest.c"; sourceTree = "<group>"; };
		76F0A5541A9B959400F8412B /* TENOutputParentTest.h */ = {isa = PBXFileReference; fileEncoding = 4; lastKnownFileType = sourcecode.c.h; name = TENOutputParentTest.h; path = "0209 mamapapa/TENOutputParentTest.h"; sourceTree = "<group>"; };
		76F0A5571A9B963B00F8412B /* TENOutputMacros.c */ = {isa = PBXFileReference; fileEncoding = 4; lastKnownFileType = sourcecode.c.c; name = TENOutputMacros.c; path = "0210 macros/TENOutputMacros.c"; sourceTree = "<group>"; };
		76F0A5581A9B963B00F8412B /* TENOutputMacros.h */ = {isa = PBXFileReference; fileEncoding = 4; lastKnownFileType = sourcecode.c.h; name = TENOutputMacros.h; path = "0210 macros/TENOutputMacros.h"; sourceTree = "<group>"; };
		76F0A5591A9B963B00F8412B /* TENOutputMacrosTests.c */ = {isa = PBXFileReference; fileEncoding = 4; lastKnownFileType = sourcecode.c.c; name = TENOutputMacrosTests.c; path = "0210 macros/TENOutputMacrosTests.c"; sourceTree = "<group>"; };
		76F0A55A1A9B963B00F8412B /* TENOutputMacrosTests.h */ = {isa = PBXFileReference; fileEncoding = 4; lastKnownFileType = sourcecode.c.h; name = TENOutputMacrosTests.h; path = "0210 macros/TENOutputMacrosTests.h"; sourceTree = "<group>"; };
		76F0A55D1A9B969100F8412B /* TENCharBit.c */ = {isa = PBXFileReference; fileEncoding = 4; lastKnownFileType = sourcecode.c.c; name = TENCharBit.c; path = "0211 charBit/TENCharBit.c"; sourceTree = "<group>"; };
		76F0A55E1A9B969100F8412B /* TENCharBit.h */ = {isa = PBXFileReference; fileEncoding = 4; lastKnownFileType = sourcecode.c.h; name = TENCharBit.h; path = "0211 charBit/TENCharBit.h"; sourceTree = "<group>"; };
		76F0A55F1A9B969100F8412B /* TENCharBitTests.c */ = {isa = PBXFileReference; fileEncoding = 4; lastKnownFileType = sourcecode.c.c; name = TENCharBitTests.c; path = "0211 charBit/TENCharBitTests.c"; sourceTree = "<group>"; };
		76F0A5601A9B969100F8412B /* TENCharBitTests.h */ = {isa = PBXFileReference; fileEncoding = 4; lastKnownFileType = sourcecode.c.h; name = TENCharBitTests.h; path = "0211 charBit/TENCharBitTests.h"; sourceTree = "<group>"; };
		76F0A5631A9B96F300F8412B /* TENStruct.c */ = {isa = PBXFileReference; fileEncoding = 4; lastKnownFileType = sourcecode.c.c; name = TENStruct.c; path = "0211 struct/TENStruct.c"; sourceTree = "<group>"; };
		76F0A5641A9B96F300F8412B /* TENStruct.h */ = {isa = PBXFileReference; fileEncoding = 4; lastKnownFileType = sourcecode.c.h; name = TENStruct.h; path = "0211 struct/TENStruct.h"; sourceTree = "<group>"; };
		76F0A5651A9B96F300F8412B /* TENStructTest.c */ = {isa = PBXFileReference; fileEncoding = 4; lastKnownFileType = sourcecode.c.c; name = TENStructTest.c; path = "0211 struct/TENStructTest.c"; sourceTree = "<group>"; };
		76F0A5661A9B96F300F8412B /* TENStructTest.h */ = {isa = PBXFileReference; fileEncoding = 4; lastKnownFileType = sourcecode.c.h; name = TENStructTest.h; path = "0211 struct/TENStructTest.h"; sourceTree = "<group>"; };
		76F0A5691A9B973100F8412B /* TENValueBitOutput.c */ = {isa = PBXFileReference; fileEncoding = 4; lastKnownFileType = sourcecode.c.c; name = TENValueBitOutput.c; path = "0211 valueBit/TENValueBitOutput.c"; sourceTree = "<group>"; };
		76F0A56A1A9B973100F8412B /* TENValueBitOutput.h */ = {isa = PBXFileReference; fileEncoding = 4; lastKnownFileType = sourcecode.c.h; name = TENValueBitOutput.h; path = "0211 valueBit/TENValueBitOutput.h"; sourceTree = "<group>"; };
		76F0A56B1A9B973100F8412B /* TENValueBitOutputTest.c */ = {isa = PBXFileReference; fileEncoding = 4; lastKnownFileType = sourcecode.c.c; name = TENValueBitOutputTest.c; path = "0211 valueBit/TENValueBitOutputTest.c"; sourceTree = "<group>"; };
		76F0A56C1A9B973100F8412B /* TENValueBitOutputTest.h */ = {isa = PBXFileReference; fileEncoding = 4; lastKnownFileType = sourcecode.c.h; name = TENValueBitOutputTest.h; path = "0211 valueBit/TENValueBitOutputTest.h"; sourceTree = "<group>"; };
		76F0A56F1A9B97F900F8412B /* TENHuman.c */ = {isa = PBXFileReference; fileEncoding = 4; lastKnownFileType = sourcecode.c.c; name = TENHuman.c; path = "0216 human/TENHuman.c"; sourceTree = "<group>"; };
		76F0A5701A9B97F900F8412B /* TENHuman.h */ = {isa = PBXFileReference; fileEncoding = 4; lastKnownFileType = sourcecode.c.h; name = TENHuman.h; path = "0216 human/TENHuman.h"; sourceTree = "<group>"; };
		76F0A5711A9B97F900F8412B /* TENHumanTests.c */ = {isa = PBXFileReference; fileEncoding = 4; lastKnownFileType = sourcecode.c.c; name = TENHumanTests.c; path = "0216 human/TENHumanTests.c"; sourceTree = "<group>"; };
		76F0A5721A9B97F900F8412B /* TENHumanTests.h */ = {isa = PBXFileReference; fileEncoding = 4; lastKnownFileType = sourcecode.c.h; name = TENHumanTests.h; path = "0216 human/TENHumanTests.h"; sourceTree = "<group>"; };
		76F0A5731A9B97F900F8412B /* TENString.c */ = {isa = PBXFileReference; fileEncoding = 4; lastKnownFileType = sourcecode.c.c; name = TENString.c; path = "0216 human/TENString.c"; sourceTree = "<group>"; };
		76F0A5741A9B97F900F8412B /* TENString.h */ = {isa = PBXFileReference; fileEncoding = 4; lastKnownFileType = sourcecode.c.h; name = TENString.h; path = "0216 human/TENString.h"; sourceTree = "<group>"; };
		76F0A57E1AA0C47100F8412B /* TENObject.c */ = {isa = PBXFileReference; fileEncoding = 4; lastKnownFileType = sourcecode.c.c; name = TENObject.c; path = "0216 human/TENObject.c"; sourceTree = "<group>"; };
		76F0A57F1AA0C47100F8412B /* TENObject.h */ = {isa = PBXFileReference; fileEncoding = 4; lastKnownFileType = sourcecode.c.h; name = TENObject.h; path = "0216 human/TENObject.h"; sourceTree = "<group>"; };
		76F255A91A8E2B9200135F2A /* HomeworkC */ = {isa = PBXFileReference; explicitFileType = "compiled.mach-o.executable"; includeInIndex = 0; path = HomeworkC; sourceTree = BUILT_PRODUCTS_DIR; };
		76F255D21A8E40A500135F2A /* main.c */ = {isa = PBXFileReference; fileEncoding = 4; lastKnownFileType = sourcecode.c.c; path = main.c; sourceTree = "<group>"; };
/* End PBXFileReference section */

/* Begin PBXFrameworksBuildPhase section */
		76F255A61A8E2B9200135F2A /* Frameworks */ = {
			isa = PBXFrameworksBuildPhase;
			buildActionMask = 2147483647;
			files = (
			);
			runOnlyForDeploymentPostprocessing = 0;
		};
/* End PBXFrameworksBuildPhase section */

/* Begin PBXGroup section */
		76DB85F51AB0834F0081B192 /* Tests */ = {
			isa = PBXGroup;
			children = (
				76DB85F71AB083EA0081B192 /* TENObjectTests.h */,
				76DB85F61AB083EA0081B192 /* TENObjectTests.c */,
			);
			name = Tests;
			sourceTree = "<group>";
		};
		76F255A01A8E2B9200135F2A = {
			isa = PBXGroup;
			children = (
				76F255AB1A8E2B9200135F2A /* HomeworkC */,
				76F255AA1A8E2B9200135F2A /* Products */,
			);
			sourceTree = "<group>";
		};
		76F255AA1A8E2B9200135F2A /* Products */ = {
			isa = PBXGroup;
			children = (
				76F255A91A8E2B9200135F2A /* HomeworkC */,
			);
			name = Products;
			sourceTree = "<group>";
		};
		76F255AB1A8E2B9200135F2A /* HomeworkC */ = {
			isa = PBXGroup;
			children = (
				76F255D21A8E40A500135F2A /* main.c */,
				76F255C61A8E31A500135F2A /* 0209 mamapapa */,
				76F255C71A8E329F00135F2A /* 0210 macros */,
				76F255D11A8E394400135F2A /* 0211 charBit */,
				76F255BF1A8E2C9C00135F2A /* 0211 struct */,
				76F255D41A911A0A00135F2A /* 0212 valueBit */,
				76F255DE1A937B5500135F2A /* 0216 human */,
			);
			path = HomeworkC;
			sourceTree = "<group>";
		};
		76F255BF1A8E2C9C00135F2A /* 0211 struct */ = {
			isa = PBXGroup;
			children = (
				76F0A5641A9B96F300F8412B /* TENStruct.h */,
				76F0A5631A9B96F300F8412B /* TENStruct.c */,
				76F0A5661A9B96F300F8412B /* TENStructTest.h */,
				76F0A5651A9B96F300F8412B /* TENStructTest.c */,
			);
			name = "0211 struct";
			sourceTree = "<group>";
		};
		76F255C61A8E31A500135F2A /* 0209 mamapapa */ = {
			isa = PBXGroup;
			children = (
				76F0A5521A9B959400F8412B /* TENOutputParent.h */,
				76F0A5511A9B959400F8412B /* TENOutputParent.c */,
				76F0A5541A9B959400F8412B /* TENOutputParentTest.h */,
				76F0A5531A9B959400F8412B /* TENOutputParentTest.c */,
			);
			name = "0209 mamapapa";
			sourceTree = "<group>";
		};
		76F255C71A8E329F00135F2A /* 0210 macros */ = {
			isa = PBXGroup;
			children = (
				76F0A5581A9B963B00F8412B /* TENOutputMacros.h */,
				76F0A5571A9B963B00F8412B /* TENOutputMacros.c */,
				76F0A55A1A9B963B00F8412B /* TENOutputMacrosTests.h */,
				76F0A5591A9B963B00F8412B /* TENOutputMacrosTests.c */,
			);
			name = "0210 macros";
			sourceTree = "<group>";
		};
		76F255D11A8E394400135F2A /* 0211 charBit */ = {
			isa = PBXGroup;
			children = (
				76F0A55E1A9B969100F8412B /* TENCharBit.h */,
				76F0A55D1A9B969100F8412B /* TENCharBit.c */,
				76F0A5601A9B969100F8412B /* TENCharBitTests.h */,
				76F0A55F1A9B969100F8412B /* TENCharBitTests.c */,
			);
			name = "0211 charBit";
			sourceTree = "<group>";
		};
		76F255D41A911A0A00135F2A /* 0212 valueBit */ = {
			isa = PBXGroup;
			children = (
				76F0A56A1A9B973100F8412B /* TENValueBitOutput.h */,
				76F0A5691A9B973100F8412B /* TENValueBitOutput.c */,
				76F0A56C1A9B973100F8412B /* TENValueBitOutputTest.h */,
				76F0A56B1A9B973100F8412B /* TENValueBitOutputTest.c */,
			);
			name = "0212 valueBit";
			sourceTree = "<group>";
		};
		76F255DE1A937B5500135F2A /* 0216 human */ = {
			isa = PBXGroup;
			children = (
				76F0A5701A9B97F900F8412B /* TENHuman.h */,
				76F0A56F1A9B97F900F8412B /* TENHuman.c */,
				76F0A5721A9B97F900F8412B /* TENHumanTests.h */,
				76F0A5711A9B97F900F8412B /* TENHumanTests.c */,
				76F0A5741A9B97F900F8412B /* TENString.h */,
				76F0A5731A9B97F900F8412B /* TENString.c */,
				76F0A57F1AA0C47100F8412B /* TENObject.h */,
				76F0A57E1AA0C47100F8412B /* TENObject.c */,
				76D77F5E1AA479830051EA25 /* TENChildArray.h */,
				76D77F5D1AA479830051EA25 /* TENChildArray.c */,
				76DB85F31AAF59D30081B192 /* TENProperty.h */,
				76DB85F21AAF59D30081B192 /* TENProperty.c */,
				76DB85F51AB0834F0081B192 /* Tests */,
			);
			name = "0216 human";
			sourceTree = "<group>";
		};
/* End PBXGroup section */

/* Begin PBXNativeTarget section */
		76F255A81A8E2B9200135F2A /* HomeworkC */ = {
			isa = PBXNativeTarget;
			buildConfigurationList = 76F255B01A8E2B9300135F2A /* Build configuration list for PBXNativeTarget "HomeworkC" */;
			buildPhases = (
				76F255A51A8E2B9200135F2A /* Sources */,
				76F255A61A8E2B9200135F2A /* Frameworks */,
				76F255A71A8E2B9200135F2A /* CopyFiles */,
			);
			buildRules = (
			);
			dependencies = (
			);
			name = HomeworkC;
			productName = HomeworkC;
			productReference = 76F255A91A8E2B9200135F2A /* HomeworkC */;
			productType = "com.apple.product-type.tool";
		};
/* End PBXNativeTarget section */

/* Begin PBXProject section */
		76F255A11A8E2B9200135F2A /* Project object */ = {
			isa = PBXProject;
			attributes = {
				LastUpgradeCheck = 0610;
				ORGANIZATIONNAME = 444ten;
				TargetAttributes = {
					76F255A81A8E2B9200135F2A = {
						CreatedOnToolsVersion = 6.1.1;
					};
				};
			};
			buildConfigurationList = 76F255A41A8E2B9200135F2A /* Build configuration list for PBXProject "HomeworkC" */;
			compatibilityVersion = "Xcode 3.2";
			developmentRegion = English;
			hasScannedForEncodings = 0;
			knownRegions = (
				en,
			);
			mainGroup = 76F255A01A8E2B9200135F2A;
			productRefGroup = 76F255AA1A8E2B9200135F2A /* Products */;
			projectDirPath = "";
			projectRoot = "";
			targets = (
				76F255A81A8E2B9200135F2A /* HomeworkC */,
			);
		};
/* End PBXProject section */

/* Begin PBXSourcesBuildPhase section */
		76F255A51A8E2B9200135F2A /* Sources */ = {
			isa = PBXSourcesBuildPhase;
			buildActionMask = 2147483647;
			files = (
				76DB85F81AB083EA0081B192 /* TENObjectTests.c in Sources */,
				76F0A5611A9B969100F8412B /* TENCharBit.c in Sources */,
				76F0A55B1A9B963B00F8412B /* TENOutputMacros.c in Sources */,
				76F0A5561A9B959400F8412B /* TENOutputParentTest.c in Sources */,
				76F0A55C1A9B963B00F8412B /* TENOutputMacrosTests.c in Sources */,
				76F0A56E1A9B973100F8412B /* TENValueBitOutputTest.c in Sources */,
				76F0A5621A9B969100F8412B /* TENCharBitTests.c in Sources */,
				76F0A5681A9B96F300F8412B /* TENStructTest.c in Sources */,
				76F0A5761A9B97F900F8412B /* TENHumanTests.c in Sources */,
				76F0A5771A9B97F900F8412B /* TENString.c in Sources */,
				76F0A5671A9B96F300F8412B /* TENStruct.c in Sources */,
				76D77F5F1AA479830051EA25 /* TENChildArray.c in Sources */,
				76F0A5801AA0C47100F8412B /* TENObject.c in Sources */,
				76DB85F41AAF59D30081B192 /* TENProperty.c in Sources */,
				76F0A56D1A9B973100F8412B /* TENValueBitOutput.c in Sources */,
				76F0A57A1A9E482E00F8412B /* TENHuman.c in Sources */,
				76F255D31A8E40A500135F2A /* main.c in Sources */,
				76F0A5551A9B959400F8412B /* TENOutputParent.c in Sources */,
			);
			runOnlyForDeploymentPostprocessing = 0;
		};
/* End PBXSourcesBuildPhase section */

/* Begin XCBuildConfiguration section */
		76F255AE1A8E2B9300135F2A /* Debug */ = {
			isa = XCBuildConfiguration;
			buildSettings = {
				ALWAYS_SEARCH_USER_PATHS = NO;
				CLANG_CXX_LANGUAGE_STANDARD = "gnu++0x";
				CLANG_CXX_LIBRARY = "libc++";
				CLANG_ENABLE_MODULES = YES;
				CLANG_ENABLE_OBJC_ARC = YES;
				CLANG_WARN_BOOL_CONVERSION = YES;
				CLANG_WARN_CONSTANT_CONVERSION = YES;
				CLANG_WARN_DIRECT_OBJC_ISA_USAGE = YES_ERROR;
				CLANG_WARN_EMPTY_BODY = YES;
				CLANG_WARN_ENUM_CONVERSION = YES;
				CLANG_WARN_INT_CONVERSION = YES;
				CLANG_WARN_OBJC_ROOT_CLASS = YES_ERROR;
				CLANG_WARN_UNREACHABLE_CODE = YES;
				CLANG_WARN__DUPLICATE_METHOD_MATCH = YES;
				COPY_PHASE_STRIP = NO;
				ENABLE_STRICT_OBJC_MSGSEND = YES;
				GCC_C_LANGUAGE_STANDARD = gnu99;
				GCC_DYNAMIC_NO_PIC = NO;
				GCC_OPTIMIZATION_LEVEL = 0;
				GCC_PREPROCESSOR_DEFINITIONS = (
					"DEBUG=1",
					"$(inherited)",
				);
				GCC_SYMBOLS_PRIVATE_EXTERN = NO;
				GCC_WARN_64_TO_32_BIT_CONVERSION = YES;
				GCC_WARN_ABOUT_RETURN_TYPE = YES_ERROR;
				GCC_WARN_UNDECLARED_SELECTOR = YES;
				GCC_WARN_UNINITIALIZED_AUTOS = YES_AGGRESSIVE;
				GCC_WARN_UNUSED_FUNCTION = YES;
				GCC_WARN_UNUSED_VARIABLE = YES;
				MACOSX_DEPLOYMENT_TARGET = 10.10;
				MTL_ENABLE_DEBUG_INFO = YES;
				ONLY_ACTIVE_ARCH = YES;
				SDKROOT = macosx;
			};
			name = Debug;
		};
		76F255AF1A8E2B9300135F2A /* Release */ = {
			isa = XCBuildConfiguration;
			buildSettings = {
				ALWAYS_SEARCH_USER_PATHS = NO;
				CLANG_CXX_LANGUAGE_STANDARD = "gnu++0x";
				CLANG_CXX_LIBRARY = "libc++";
				CLANG_ENABLE_MODULES = YES;
				CLANG_ENABLE_OBJC_ARC = YES;
				CLANG_WARN_BOOL_CONVERSION = YES;
				CLANG_WARN_CONSTANT_CONVERSION = YES;
				CLANG_WARN_DIRECT_OBJC_ISA_USAGE = YES_ERROR;
				CLANG_WARN_EMPTY_BODY = YES;
				CLANG_WARN_ENUM_CONVERSION = YES;
				CLANG_WARN_INT_CONVERSION = YES;
				CLANG_WARN_OBJC_ROOT_CLASS = YES_ERROR;
				CLANG_WARN_UNREACHABLE_CODE = YES;
				CLANG_WARN__DUPLICATE_METHOD_MATCH = YES;
				COPY_PHASE_STRIP = YES;
				DEBUG_INFORMATION_FORMAT = "dwarf-with-dsym";
				ENABLE_NS_ASSERTIONS = NO;
				ENABLE_STRICT_OBJC_MSGSEND = YES;
				GCC_C_LANGUAGE_STANDARD = gnu99;
				GCC_WARN_64_TO_32_BIT_CONVERSION = YES;
				GCC_WARN_ABOUT_RETURN_TYPE = YES_ERROR;
				GCC_WARN_UNDECLARED_SELECTOR = YES;
				GCC_WARN_UNINITIALIZED_AUTOS = YES_AGGRESSIVE;
				GCC_WARN_UNUSED_FUNCTION = YES;
				GCC_WARN_UNUSED_VARIABLE = YES;
				MACOSX_DEPLOYMENT_TARGET = 10.10;
				MTL_ENABLE_DEBUG_INFO = NO;
				SDKROOT = macosx;
			};
			name = Release;
		};
		76F255B11A8E2B9300135F2A /* Debug */ = {
			isa = XCBuildConfiguration;
			buildSettings = {
				PRODUCT_NAME = "$(TARGET_NAME)";
			};
			name = Debug;
		};
		76F255B21A8E2B9300135F2A /* Release */ = {
			isa = XCBuildConfiguration;
			buildSettings = {
				PRODUCT_NAME = "$(TARGET_NAME)";
			};
			name = Release;
		};
/* End XCBuildConfiguration section */

/* Begin XCConfigurationList section */
		76F255A41A8E2B9200135F2A /* Build configuration list for PBXProject "HomeworkC" */ = {
			isa = XCConfigurationList;
			buildConfigurations = (
				76F255AE1A8E2B9300135F2A /* Debug */,
				76F255AF1A8E2B9300135F2A /* Release */,
			);
			defaultConfigurationIsVisible = 0;
			defaultConfigurationName = Release;
		};
		76F255B01A8E2B9300135F2A /* Build configuration list for PBXNativeTarget "HomeworkC" */ = {
			isa = XCConfigurationList;
			buildConfigurations = (
				76F255B11A8E2B9300135F2A /* Debug */,
				76F255B21A8E2B9300135F2A /* Release */,
			);
			defaultConfigurationIsVisible = 0;
			defaultConfigurationName = Release;
		};
/* End XCConfigurationList section */
	};
	rootObject = 76F255A11A8E2B9200135F2A /* Project object */;
}
