// !$*UTF8*$!
{
	archiveVersion = 1;
	classes = {
	};
	objectVersion = 46;
	objects = {

/* Begin PBXBuildFile section */
		76F255971A8CF46000135F2A /* main.c in Sources */ = {isa = PBXBuildFile; fileRef = 76F255961A8CF46000135F2A /* main.c */; };
		76F2559F1A8CF49E00135F2A /* TENCharToBin.c in Sources */ = {isa = PBXBuildFile; fileRef = 76F2559D1A8CF49E00135F2A /* TENCharToBin.c */; };
/* End PBXBuildFile section */

/* Begin PBXCopyFilesBuildPhase section */
		76F255911A8CF46000135F2A /* CopyFiles */ = {
			isa = PBXCopyFilesBuildPhase;
			buildActionMask = 2147483647;
			dstPath = /usr/share/man/man1/;
			dstSubfolderSpec = 0;
			files = (
			);
			runOnlyForDeploymentPostprocessing = 1;
		};
/* End PBXCopyFilesBuildPhase section */

/* Begin PBXFileReference section */
		76F255931A8CF46000135F2A /* charToBin */ = {isa = PBXFileReference; explicitFileType = "compiled.mach-o.executable"; includeInIndex = 0; path = charToBin; sourceTree = BUILT_PRODUCTS_DIR; };
		76F255961A8CF46000135F2A /* main.c */ = {isa = PBXFileReference; lastKnownFileType = sourcecode.c.c; path = main.c; sourceTree = "<group>"; };
		76F2559D1A8CF49E00135F2A /* TENCharToBin.c */ = {isa = PBXFileReference; fileEncoding = 4; lastKnownFileType = sourcecode.c.c; path = TENCharToBin.c; sourceTree = "<group>"; };
		76F2559E1A8CF49E00135F2A /* TENCharToBin.h */ = {isa = PBXFileReference; fileEncoding = 4; lastKnownFileType = sourcecode.c.h; path = TENCharToBin.h; sourceTree = "<group>"; };
/* End PBXFileReference section */

/* Begin PBXFrameworksBuildPhase section */
		76F255901A8CF46000135F2A /* Frameworks */ = {
			isa = PBXFrameworksBuildPhase;
			buildActionMask = 2147483647;
			files = (
			);
			runOnlyForDeploymentPostprocessing = 0;
		};
/* End PBXFrameworksBuildPhase section */

/* Begin PBXGroup section */
		76F2558A1A8CF46000135F2A = {
			isa = PBXGroup;
			children = (
				76F255951A8CF46000135F2A /* charToBin */,
				76F255941A8CF46000135F2A /* Products */,
			);
			sourceTree = "<group>";
		};
		76F255941A8CF46000135F2A /* Products */ = {
			isa = PBXGroup;
			children = (
				76F255931A8CF46000135F2A /* charToBin */,
			);
			name = Products;
			sourceTree = "<group>";
		};
		76F255951A8CF46000135F2A /* charToBin */ = {
			isa = PBXGroup;
			children = (
				76F255961A8CF46000135F2A /* main.c */,
				76F2559E1A8CF49E00135F2A /* TENCharToBin.h */,
				76F2559D1A8CF49E00135F2A /* TENCharToBin.c */,
			);
			path = charToBin;
			sourceTree = "<group>";
		};
/* End PBXGroup section */

/* Begin PBXNativeTarget section */
		76F255921A8CF46000135F2A /* charToBin */ = {
			isa = PBXNativeTarget;
			buildConfigurationList = 76F2559A1A8CF46000135F2A /* Build configuration list for PBXNativeTarget "charToBin" */;
			buildPhases = (
				76F2558F1A8CF46000135F2A /* Sources */,
				76F255901A8CF46000135F2A /* Frameworks */,
				76F255911A8CF46000135F2A /* CopyFiles */,
			);
			buildRules = (
			);
			dependencies = (
			);
			name = charToBin;
			productName = charToBin;
			productReference = 76F255931A8CF46000135F2A /* charToBin */;
			productType = "com.apple.product-type.tool";
		};
/* End PBXNativeTarget section */

/* Begin PBXProject section */
		76F2558B1A8CF46000135F2A /* Project object */ = {
			isa = PBXProject;
			attributes = {
				LastUpgradeCheck = 0610;
				ORGANIZATIONNAME = 444ten;
				TargetAttributes = {
					76F255921A8CF46000135F2A = {
						CreatedOnToolsVersion = 6.1.1;
					};
				};
			};
			buildConfigurationList = 76F2558E1A8CF46000135F2A /* Build configuration list for PBXProject "charToBin" */;
			compatibilityVersion = "Xcode 3.2";
			developmentRegion = English;
			hasScannedForEncodings = 0;
			knownRegions = (
				en,
			);
			mainGroup = 76F2558A1A8CF46000135F2A;
			productRefGroup = 76F255941A8CF46000135F2A /* Products */;
			projectDirPath = "";
			projectRoot = "";
			targets = (
				76F255921A8CF46000135F2A /* charToBin */,
			);
		};
/* End PBXProject section */

/* Begin PBXSourcesBuildPhase section */
		76F2558F1A8CF46000135F2A /* Sources */ = {
			isa = PBXSourcesBuildPhase;
			buildActionMask = 2147483647;
			files = (
				76F2559F1A8CF49E00135F2A /* TENCharToBin.c in Sources */,
				76F255971A8CF46000135F2A /* main.c in Sources */,
			);
			runOnlyForDeploymentPostprocessing = 0;
		};
/* End PBXSourcesBuildPhase section */

/* Begin XCBuildConfiguration section */
		76F255981A8CF46000135F2A /* Debug */ = {
			isa = XCBuildConfiguration;
			buildSettings = {
				ALWAYS_SEARCH_USER_PATHS = NO;
				CLANG_CXX_LANGUAGE_STANDARD = "gnu++0x";
				CLANG_CXX_LIBRARY = "libc++";
				CLANG_ENABLE_MODULES = YES;
				CLANG_ENABLE_OBJC_ARC = YES;
				CLANG_WARN_BOOL_CONVERSION = YES;
				CLANG_WARN_CONSTANT_CONVERSION = YES;
				CLANG_WARN_DIRECT_OBJC_ISA_USAGE = YES_ERROR;
				CLANG_WARN_EMPTY_BODY = YES;
				CLANG_WARN_ENUM_CONVERSION = YES;
				CLANG_WARN_INT_CONVERSION = YES;
				CLANG_WARN_OBJC_ROOT_CLASS = YES_ERROR;
				CLANG_WARN_UNREACHABLE_CODE = YES;
				CLANG_WARN__DUPLICATE_METHOD_MATCH = YES;
				COPY_PHASE_STRIP = NO;
				ENABLE_STRICT_OBJC_MSGSEND = YES;
				GCC_C_LANGUAGE_STANDARD = gnu99;
				GCC_DYNAMIC_NO_PIC = NO;
				GCC_OPTIMIZATION_LEVEL = 0;
				GCC_PREPROCESSOR_DEFINITIONS = (
					"DEBUG=1",
					"$(inherited)",
				);
				GCC_SYMBOLS_PRIVATE_EXTERN = NO;
				GCC_WARN_64_TO_32_BIT_CONVERSION = YES;
				GCC_WARN_ABOUT_RETURN_TYPE = YES_ERROR;
				GCC_WARN_UNDECLARED_SELECTOR = YES;
				GCC_WARN_UNINITIALIZED_AUTOS = YES_AGGRESSIVE;
				GCC_WARN_UNUSED_FUNCTION = YES;
				GCC_WARN_UNUSED_VARIABLE = YES;
				MACOSX_DEPLOYMENT_TARGET = 10.10;
				MTL_ENABLE_DEBUG_INFO = YES;
				ONLY_ACTIVE_ARCH = YES;
				SDKROOT = macosx;
			};
			name = Debug;
		};
		76F255991A8CF46000135F2A /* Release */ = {
			isa = XCBuildConfiguration;
			buildSettings = {
				ALWAYS_SEARCH_USER_PATHS = NO;
				CLANG_CXX_LANGUAGE_STANDARD = "gnu++0x";
				CLANG_CXX_LIBRARY = "libc++";
				CLANG_ENABLE_MODULES = YES;
				CLANG_ENABLE_OBJC_ARC = YES;
				CLANG_WARN_BOOL_CONVERSION = YES;
				CLANG_WARN_CONSTANT_CONVERSION = YES;
				CLANG_WARN_DIRECT_OBJC_ISA_USAGE = YES_ERROR;
				CLANG_WARN_EMPTY_BODY = YES;
				CLANG_WARN_ENUM_CONVERSION = YES;
				CLANG_WARN_INT_CONVERSION = YES;
				CLANG_WARN_OBJC_ROOT_CLASS = YES_ERROR;
				CLANG_WARN_UNREACHABLE_CODE = YES;
				CLANG_WARN__DUPLICATE_METHOD_MATCH = YES;
				COPY_PHASE_STRIP = YES;
				DEBUG_INFORMATION_FORMAT = "dwarf-with-dsym";
				ENABLE_NS_ASSERTIONS = NO;
				ENABLE_STRICT_OBJC_MSGSEND = YES;
				GCC_C_LANGUAGE_STANDARD = gnu99;
				GCC_WARN_64_TO_32_BIT_CONVERSION = YES;
				GCC_WARN_ABOUT_RETURN_TYPE = YES_ERROR;
				GCC_WARN_UNDECLARED_SELECTOR = YES;
				GCC_WARN_UNINITIALIZED_AUTOS = YES_AGGRESSIVE;
				GCC_WARN_UNUSED_FUNCTION = YES;
				GCC_WARN_UNUSED_VARIABLE = YES;
				MACOSX_DEPLOYMENT_TARGET = 10.10;
				MTL_ENABLE_DEBUG_INFO = NO;
				SDKROOT = macosx;
			};
			name = Release;
		};
		76F2559B1A8CF46000135F2A /* Debug */ = {
			isa = XCBuildConfiguration;
			buildSettings = {
				PRODUCT_NAME = "$(TARGET_NAME)";
			};
			name = Debug;
		};
		76F2559C1A8CF46000135F2A /* Release */ = {
			isa = XCBuildConfiguration;
			buildSettings = {
				PRODUCT_NAME = "$(TARGET_NAME)";
			};
			name = Release;
		};
/* End XCBuildConfiguration section */

/* Begin XCConfigurationList section */
		76F2558E1A8CF46000135F2A /* Build configuration list for PBXProject "charToBin" */ = {
			isa = XCConfigurationList;
			buildConfigurations = (
				76F255981A8CF46000135F2A /* Debug */,
				76F255991A8CF46000135F2A /* Release */,
			);
			defaultConfigurationIsVisible = 0;
			defaultConfigurationName = Release;
		};
		76F2559A1A8CF46000135F2A /* Build configuration list for PBXNativeTarget "charToBin" */ = {
			isa = XCConfigurationList;
			buildConfigurations = (
				76F2559B1A8CF46000135F2A /* Debug */,
				76F2559C1A8CF46000135F2A /* Release */,
			);
			defaultConfigurationIsVisible = 0;
		};
/* End XCConfigurationList section */
	};
	rootObject = 76F2558B1A8CF46000135F2A /* Project object */;
}
